{
  "version": 1,
  "dependencies": {
    "net8.0": {
      "Allure.NUnit": {
        "type": "Direct",
        "requested": "[2.12.1, )",
        "resolved": "2.12.1",
        "contentHash": "L4pjgKLNaOwvLxnXS4HAfPWhCuAaAUMy66kFFJNrxUeKPwr+NSmrSN+ff0N83NsKyC1x4oiikoVuN6WCHeHvWQ==",
        "dependencies": {
          "Allure.Net.Commons": "2.12.1",
          "NUnit": "3.13.3"
        }
      },
      "Microsoft.NET.Test.Sdk": {
        "type": "Direct",
        "requested": "[17.8.0, )",
        "resolved": "17.8.0",
        "contentHash": "BmTYGbD/YuDHmApIENdoyN1jCk0Rj1fJB0+B/fVekyTdVidr91IlzhqzytiUgaEAzL1ZJcYCme0MeBMYvJVzvw==",
        "dependencies": {
          "Microsoft.CodeCoverage": "17.8.0",
          "Microsoft.TestPlatform.TestHost": "17.8.0"
        }
      },
      "NUnit": {
        "type": "Direct",
        "requested": "[4.0.1, )",
        "resolved": "4.0.1",
        "contentHash": "jNTHZ01hJsDNPDSBycoHpavFZUBf9vRVQLCyuo78LRrrFj6Ol/CeqK+NIeTk5d8Eycjk59KseWb7X5Ge6z7CgQ=="
      },
      "NUnit3TestAdapter": {
        "type": "Direct",
        "requested": "[4.5.0, )",
        "resolved": "4.5.0",
        "contentHash": "s8JpqTe9bI2f49Pfr3dFRfoVSuFQyraTj68c3XXjIS/MRGvvkLnrg6RLqnTjdShX+AdFUCCU/4Xex58AdUfs6A=="
      },
      "Allure.Net.Commons": {
        "type": "Transitive",
        "resolved": "2.12.1",
        "contentHash": "cix1b/xp/1nUIFUR8MpERt1Rrv9PM2C+VB3pat1g+IEB/h4Ul+7PihCDTE3VfecRob8wz5e8fQ0aHI9atf//gA==",
        "dependencies": {
          "AspectInjector": "2.8.1",
          "MimeTypesMap": "1.0.8",
          "Newtonsoft.Json": "13.0.3",
          "System.Collections.Immutable": "5.0.0"
        }
      },
      "AspectInjector": {
        "type": "Transitive",
        "resolved": "2.8.1",
        "contentHash": "8BScDeaLazJVFaa2Tt9hoWLhllnxXP3Sew+l/vktdZEcgoPOsqhlDqe6GXJvy7xVkdICAbKFsrcDJ0cfrDR6Mg=="
      },
      "Microsoft.CodeCoverage": {
        "type": "Transitive",
        "resolved": "17.8.0",
        "contentHash": "KC8SXWbGIdoFVdlxKk9WHccm0llm9HypcHMLUUFabRiTS3SO2fQXNZfdiF3qkEdTJhbRrxhdRxjL4jbtwPq4Ew=="
      },
      "Microsoft.TestPlatform.ObjectModel": {
        "type": "Transitive",
        "resolved": "17.8.0",
        "contentHash": "AYy6vlpGMfz5kOFq99L93RGbqftW/8eQTqjT9iGXW6s9MRP3UdtY8idJ8rJcjeSja8A18IhIro5YnH3uv1nz4g==",
        "dependencies": {
          "NuGet.Frameworks": "6.5.0",
          "System.Reflection.Metadata": "1.6.0"
        }
      },
      "Microsoft.TestPlatform.TestHost": {
        "type": "Transitive",
        "resolved": "17.8.0",
        "contentHash": "9ivcl/7SGRmOT0YYrHQGohWiT5YCpkmy/UEzldfVisLm6QxbLaK3FAJqZXI34rnRLmqqDCeMQxKINwmKwAPiDw==",
        "dependencies": {
          "Microsoft.TestPlatform.ObjectModel": "17.8.0",
          "Newtonsoft.Json": "13.0.1"
        }
      },
      "Microsoft.VisualStudio.Azure.Containers.Tools.Targets": {
        "type": "Transitive",
        "resolved": "1.19.4",
        "contentHash": "aKxpRAUIxDrnSnyr7xJWGixOBgsB7Z4oHpWRkpRzzq04kfze4mN7944gRc4X9H2U5KG3A/btF74kavkO8KXqCg=="
      },
      "MimeTypesMap": {
        "type": "Transitive",
        "resolved": "1.0.8",
        "contentHash": "iOm6Zar+yVROhlyrGGSJTfThvNoHLUeYeQQND9YD/ot/nA2qsWUp9kP2MHTdF9P7I8afW6eCf8vdELLZjDFdSQ=="
      },
      "Newtonsoft.Json": {
        "type": "Transitive",
        "resolved": "13.0.3",
        "contentHash": "HrC5BXdl00IP9zeV+0Z848QWPAoCr9P3bDEZguI+gkLcBKAOxix/tLEAAHC+UvDNPv4a2d18lOReHMOagPa+zQ=="
      },
      "NuGet.Frameworks": {
        "type": "Transitive",
        "resolved": "6.5.0",
        "contentHash": "QWINE2x3MbTODsWT1Gh71GaGb5icBz4chS8VYvTgsBnsi8esgN6wtHhydd7fvToWECYGq7T4cgBBDiKD/363fg=="
      },
      "System.Collections.Immutable": {
        "type": "Transitive",
        "resolved": "5.0.0",
        "contentHash": "FXkLXiK0sVVewcso0imKQoOxjoPAj42R8HtjjbSjVPAzwDfzoyoznWxgA3c38LDbN9SJux1xXoXYAhz98j7r2g=="
      },
      "System.Reflection.Metadata": {
        "type": "Transitive",
        "resolved": "1.6.0",
        "contentHash": "COC1aiAJjCoA5GBF+QKL2uLqEBew4JsCkQmoHKbN3TlOZKa2fKLz5CpiRQKDz0RsAOEGsVKqOD5bomsXq/4STQ=="
      },
      "hellocontainers.web": {
        "type": "Project",
        "dependencies": {
          "Microsoft.VisualStudio.Azure.Containers.Tools.Targets": "[1.19.4, )"
        }
      }
    }
  }
}