{
  "version": 1,
  "dependencies": {
    "net10.0": {
      "Microsoft.VisualStudio.Azure.Containers.Tools.Targets": {
        "type": "Direct",
        "requested": "[1.23.0, )",
        "resolved": "1.23.0",
        "contentHash": "2wDnb4umupJZ/1ikgWozFVpggH1mlHQFc0odXVv2ZagL3RYwXgW9zmC15fiqIBzmaC0vLZUnLGwDY+p8ZR7Syw=="
      },
      "Octopus.OpenFeature": {
        "type": "Direct",
        "requested": "[4.0.0, )",
        "resolved": "4.0.0",
        "contentHash": "3S4xIFs8NR9srifk/IlsDa47Mu4sd5FoQ41uLTi8XHiekD1Z8kyesyg4Fi6BgANpdXwKPVgTJPTYd9rK81mGuA==",
        "dependencies": {
          "OpenFeature": "2.14.0",
          "murmurhash": "1.0.3"
        }
      },
      "OpenFeature.Contrib.Providers.EnvVar": {
        "type": "Direct",
        "requested": "[0.0.7, )",
        "resolved": "0.0.7",
        "contentHash": "1zhPsni15bMpPkBI7EMzeApDxIqXhGp0tQm9IumH+aEWLva7TthLPsBwpbdkN0DdAMOg80XmXkhCJi34neqjhQ==",
        "dependencies": {
          "OpenFeature": "[2.0.0, 3.0.0)"
        }
      },
      "murmurhash": {
        "type": "Transitive",
        "resolved": "1.0.3",
        "contentHash": "56dW8jgSsvGs/tULn+r1UbS+o0rBvgMj+6Lta6uao4j8Kzx1kVxMf56LPKO070VqjWcGyMB4K4R6M4gVKutG9A=="
      },
      "OpenFeature": {
        "type": "Transitive",
        "resolved": "2.14.0",
        "contentHash": "q1za5ZaY1j8geLy4/VlCqOtyCc0kMdFp9TXTMGLD6tTSsZWQCQScyrCYgRDX5eGGcQm5F7Mi+plNW5MeIDQ02A=="
      }
    }
  }
}